
Microsoft Visual Studio Solution File, Format Version 12.00
# Visual Studio Version 17
VisualStudioVersion = 17.0.31912.275
MinimumVisualStudioVersion = 10.0.40219.1
Project("{FAE04EC0-301F-11D3-BF4B-00C04F79EFBC}") = "RockPaperScissors", "RockPaperScissors\RockPaperScissors.csproj", "{475F0073-19CA-4F04-8D1E-B0069658AFD0}"
EndProject
Global
	GlobalSection(SolutionConfigurationPlatforms) = preSolution
		Debug|Any CPU = Debug|Any CPU
		Release|Any CPU = Release|Any CPU
	EndGlobalSection
	GlobalSection(ProjectConfigurationPlatforms) = postSolution
		{475F0073-19CA-4F04-8D1E-B0069658AFD0}.Debug|Any CPU.ActiveCfg = Debug|Any CPU
		{475F0073-19CA-4F04-8D1E-B0069658AFD0}.Debug|Any CPU.Build.0 = Debug|Any CPU
		{475F0073-19CA-4F04-8D1E-B0069658AFD0}.Release|Any CPU.ActiveCfg = Release|Any CPU
		{475F0073-19CA-4F04-8D1E-B0069658AFD0}.Release|Any CPU.Build.0 = Release|Any CPU
	EndGlobalSection
	GlobalSection(SolutionProperties) = preSolution
		HideSolutionNode = FALSE
	EndGlobalSection
	GlobalSection(ExtensibilityGlobals) = postSolution
		SolutionGuid = {0C57FCD9-2B70-4A01-96E0-CB25F00E2470}
	EndGlobalSection
EndGlobal
